{
  "name": "vscode-notebook-error-overlay",
  "version": "1.0.0",
  "lockfileVersion": 3,
  "requires": true,
  "packages": {
    "": {
      "name": "vscode-notebook-error-overlay",
      "version": "1.0.0",
      "license": "MIT",
      "dependencies": {
        "preact": "^10.25.2",
        "vscode-webview-tools": "^0.1.1"
      },
      "devDependencies": {
        "prettier": "^3.4.2",
        "typescript": "^5.7.2"
      }
    },
    "node_modules/preact": {
      "version": "10.25.2",
      "resolved": "https://registry.npmjs.org/preact/-/preact-10.25.2.tgz",
      "integrity": "sha512-GEts1EH3oMnqdOIeXhlbBSddZ9nrINd070WBOiPO2ous1orrKGUM4SMDbwyjSWD1iMS2dBvaDjAa5qUhz3TXqw==",
      "funding": {
        "type": "opencollective",
        "url": "https://opencollective.com/preact"
      }
    },
    "node_modules/prettier": {
      "version": "3.4.2",
      "resolved": "https://registry.npmjs.org/prettier/-/prettier-3.4.2.tgz",
      "integrity": "sha512-e9MewbtFo+Fevyuxn/4rrcDAaq0IYxPGLvObpQjiZBMAzB9IGmzlnG9RZy3FFas+eBMu2vA0CszMeduow5dIuQ==",
      "dev": true,
      "bin": {
        "prettier": "bin/prettier.cjs"
      },
      "engines": {
        "node": ">=14"
      },
      "funding": {
        "url": "https://github.com/prettier/prettier?sponsor=1"
      }
    },
    "node_modules/typescript": {
      "version": "5.7.2",
      "resolved": "https://registry.npmjs.org/typescript/-/typescript-5.7.2.tgz",
      "integrity": "sha512-i5t66RHxDvVN40HfDd1PsEThGNnlMCMT3jMUuoh9/0TaqWevNontacunWyN02LA9/fIbEWlcHZcgTKb9QoaLfg==",
      "dev": true,
      "bin": {
        "tsc": "bin/tsc",
        "tsserver": "bin/tsserver"
      },
      "engines": {
        "node": ">=14.17"
      }
    },
    "node_modules/vscode-webview-tools": {
      "version": "0.1.1",
      "resolved": "https://registry.npmjs.org/vscode-webview-tools/-/vscode-webview-tools-0.1.1.tgz",
      "integrity": "sha512-gKCVz/hIV19XwudhTHiWvcmSEC1PtptHm+pmT6M0Epwu6oRQo+aEdpiUuefTYaR25+A76vQHzff8RAuxkkrGfQ=="
    }
  }
}
